
Microsoft Visual Studio Solution File, Format Version 12.00
# Visual Studio Version 17
VisualStudioVersion = 17.10.35013.160
MinimumVisualStudioVersion = 10.0.40219.1
Project("{FAE04EC0-301F-11D3-BF4B-00C04F79EFBC}") = "ElearningDB", "ElearningDB\ElearningDB.csproj", "{08C3F353-A533-4F48-837C-09B73050A311}"
EndProject
Global
	GlobalSection(SolutionConfigurationPlatforms) = preSolution
		Debug|Any CPU = Debug|Any CPU
		Release|Any CPU = Release|Any CPU
	EndGlobalSection
	GlobalSection(ProjectConfigurationPlatforms) = postSolution
		{08C3F353-A533-4F48-837C-09B73050A311}.Debug|Any CPU.ActiveCfg = Debug|Any CPU
		{08C3F353-A533-4F48-837C-09B73050A311}.Debug|Any CPU.Build.0 = Debug|Any CPU
		{08C3F353-A533-4F48-837C-09B73050A311}.Release|Any CPU.ActiveCfg = Release|Any CPU
		{08C3F353-A533-4F48-837C-09B73050A311}.Release|Any CPU.Build.0 = Release|Any CPU
	EndGlobalSection
	GlobalSection(SolutionProperties) = preSolution
		HideSolutionNode = FALSE
	EndGlobalSection
	GlobalSection(ExtensibilityGlobals) = postSolution
		SolutionGuid = {F066FADD-F677-4A06-8AED-81E854638622}
	EndGlobalSection
EndGlobal
